
Microsoft Visual Studio Solution File, Format Version 12.00
# Visual Studio Version 16
VisualStudioVersion = 16.0.30804.86
MinimumVisualStudioVersion = 10.0.40219.1
Project("{9A19103F-16F7-4668-BE54-9A1E7A4F7556}") = "KampIntro", "KampIntro\KampIntro.csproj", "{D1CA2E19-4B48-46AF-97D5-2AAC6D84A057}"
EndProject
Project("{9A19103F-16F7-4668-BE54-9A1E7A4F7556}") = "Döngüler", "Döngüler\Döngüler.csproj", "{55D6A3FC-6316-40DA-A5DD-FD93BD6C647D}"
EndProject
Project("{9A19103F-16F7-4668-BE54-9A1E7A4F7556}") = "ClassIntro", "ClassIntro\ClassIntro.csproj", "{3BE46A44-DD02-43A4-BC0B-25EBCB646C36}"
EndProject
Project("{9A19103F-16F7-4668-BE54-9A1E7A4F7556}") = "Methods", "Methods\Methods.csproj", "{D30364D5-1BDB-4E25-863B-D412A5292E83}"
EndProject
Project("{9A19103F-16F7-4668-BE54-9A1E7A4F7556}") = "Matematik", "Matematik\Matematik.csproj", "{45B8DBEB-3183-4C12-B76A-84FE76766DE0}"
EndProject
Project("{9A19103F-16F7-4668-BE54-9A1E7A4F7556}") = "DegerVeReferansTipler", "DegerVeReferansTipler\DegerVeReferansTipler.csproj", "{77D5131F-03C6-4A5D-BF4B-ABD4A62D22F7}"
EndProject
Project("{9A19103F-16F7-4668-BE54-9A1E7A4F7556}") = "OOP1", "OOP1\OOP1.csproj", "{F94429AC-142E-41B9-B09E-FD03DF4E547A}"
EndProject
Project("{9A19103F-16F7-4668-BE54-9A1E7A4F7556}") = "Collections", "Collections\Collections.csproj", "{089547F7-F354-4E0F-8C0B-2E914FB88555}"
EndProject
Project("{9A19103F-16F7-4668-BE54-9A1E7A4F7556}") = "GenericsIntro", "GenericsIntro\GenericsIntro.csproj", "{42FD8BDE-7A86-40A8-8025-3043D19220BC}"
EndProject
Project("{FAE04EC0-301F-11D3-BF4B-00C04F79EFBC}") = "OOP2", "OOP2\OOP2.csproj", "{1FF6FD18-D4A8-49E7-A82C-11D60D13672B}"
EndProject
Project("{FAE04EC0-301F-11D3-BF4B-00C04F79EFBC}") = "OOP3", "OOP3\OOP3.csproj", "{40ABC669-AF6B-4C5D-8F63-8B0F9DEA902E}"
EndProject
Global
	GlobalSection(SolutionConfigurationPlatforms) = preSolution
		Debug|Any CPU = Debug|Any CPU
		Release|Any CPU = Release|Any CPU
	EndGlobalSection
	GlobalSection(ProjectConfigurationPlatforms) = postSolution
		{D1CA2E19-4B48-46AF-97D5-2AAC6D84A057}.Debug|Any CPU.ActiveCfg = Debug|Any CPU
		{D1CA2E19-4B48-46AF-97D5-2AAC6D84A057}.Debug|Any CPU.Build.0 = Debug|Any CPU
		{D1CA2E19-4B48-46AF-97D5-2AAC6D84A057}.Release|Any CPU.ActiveCfg = Release|Any CPU
		{D1CA2E19-4B48-46AF-97D5-2AAC6D84A057}.Release|Any CPU.Build.0 = Release|Any CPU
		{55D6A3FC-6316-40DA-A5DD-FD93BD6C647D}.Debug|Any CPU.ActiveCfg = Debug|Any CPU
		{55D6A3FC-6316-40DA-A5DD-FD93BD6C647D}.Debug|Any CPU.Build.0 = Debug|Any CPU
		{55D6A3FC-6316-40DA-A5DD-FD93BD6C647D}.Release|Any CPU.ActiveCfg = Release|Any CPU
		{55D6A3FC-6316-40DA-A5DD-FD93BD6C647D}.Release|Any CPU.Build.0 = Release|Any CPU
		{3BE46A44-DD02-43A4-BC0B-25EBCB646C36}.Debug|Any CPU.ActiveCfg = Debug|Any CPU
		{3BE46A44-DD02-43A4-BC0B-25EBCB646C36}.Debug|Any CPU.Build.0 = Debug|Any CPU
		{3BE46A44-DD02-43A4-BC0B-25EBCB646C36}.Release|Any CPU.ActiveCfg = Release|Any CPU
		{3BE46A44-DD02-43A4-BC0B-25EBCB646C36}.Release|Any CPU.Build.0 = Release|Any CPU
		{D30364D5-1BDB-4E25-863B-D412A5292E83}.Debug|Any CPU.ActiveCfg = Debug|Any CPU
		{D30364D5-1BDB-4E25-863B-D412A5292E83}.Debug|Any CPU.Build.0 = Debug|Any CPU
		{D30364D5-1BDB-4E25-863B-D412A5292E83}.Release|Any CPU.ActiveCfg = Release|Any CPU
		{D30364D5-1BDB-4E25-863B-D412A5292E83}.Release|Any CPU.Build.0 = Release|Any CPU
		{45B8DBEB-3183-4C12-B76A-84FE76766DE0}.Debug|Any CPU.ActiveCfg = Debug|Any CPU
		{45B8DBEB-3183-4C12-B76A-84FE76766DE0}.Debug|Any CPU.Build.0 = Debug|Any CPU
		{45B8DBEB-3183-4C12-B76A-84FE76766DE0}.Release|Any CPU.ActiveCfg = Release|Any CPU
		{45B8DBEB-3183-4C12-B76A-84FE76766DE0}.Release|Any CPU.Build.0 = Release|Any CPU
		{77D5131F-03C6-4A5D-BF4B-ABD4A62D22F7}.Debug|Any CPU.ActiveCfg = Debug|Any CPU
		{77D5131F-03C6-4A5D-BF4B-ABD4A62D22F7}.Debug|Any CPU.Build.0 = Debug|Any CPU
		{77D5131F-03C6-4A5D-BF4B-ABD4A62D22F7}.Release|Any CPU.ActiveCfg = Release|Any CPU
		{77D5131F-03C6-4A5D-BF4B-ABD4A62D22F7}.Release|Any CPU.Build.0 = Release|Any CPU
		{F94429AC-142E-41B9-B09E-FD03DF4E547A}.Debug|Any CPU.ActiveCfg = Debug|Any CPU
		{F94429AC-142E-41B9-B09E-FD03DF4E547A}.Debug|Any CPU.Build.0 = Debug|Any CPU
		{F94429AC-142E-41B9-B09E-FD03DF4E547A}.Release|Any CPU.ActiveCfg = Release|Any CPU
		{F94429AC-142E-41B9-B09E-FD03DF4E547A}.Release|Any CPU.Build.0 = Release|Any CPU
		{089547F7-F354-4E0F-8C0B-2E914FB88555}.Debug|Any CPU.ActiveCfg = Debug|Any CPU
		{089547F7-F354-4E0F-8C0B-2E914FB88555}.Debug|Any CPU.Build.0 = Debug|Any CPU
		{089547F7-F354-4E0F-8C0B-2E914FB88555}.Release|Any CPU.ActiveCfg = Release|Any CPU
		{089547F7-F354-4E0F-8C0B-2E914FB88555}.Release|Any CPU.Build.0 = Release|Any CPU
		{42FD8BDE-7A86-40A8-8025-3043D19220BC}.Debug|Any CPU.ActiveCfg = Debug|Any CPU
		{42FD8BDE-7A86-40A8-8025-3043D19220BC}.Debug|Any CPU.Build.0 = Debug|Any CPU
		{42FD8BDE-7A86-40A8-8025-3043D19220BC}.Release|Any CPU.ActiveCfg = Release|Any CPU
		{42FD8BDE-7A86-40A8-8025-3043D19220BC}.Release|Any CPU.Build.0 = Release|Any CPU
		{1FF6FD18-D4A8-49E7-A82C-11D60D13672B}.Debug|Any CPU.ActiveCfg = Debug|Any CPU
		{1FF6FD18-D4A8-49E7-A82C-11D60D13672B}.Debug|Any CPU.Build.0 = Debug|Any CPU
		{1FF6FD18-D4A8-49E7-A82C-11D60D13672B}.Release|Any CPU.ActiveCfg = Release|Any CPU
		{1FF6FD18-D4A8-49E7-A82C-11D60D13672B}.Release|Any CPU.Build.0 = Release|Any CPU
		{40ABC669-AF6B-4C5D-8F63-8B0F9DEA902E}.Debug|Any CPU.ActiveCfg = Debug|Any CPU
		{40ABC669-AF6B-4C5D-8F63-8B0F9DEA902E}.Debug|Any CPU.Build.0 = Debug|Any CPU
		{40ABC669-AF6B-4C5D-8F63-8B0F9DEA902E}.Release|Any CPU.ActiveCfg = Release|Any CPU
		{40ABC669-AF6B-4C5D-8F63-8B0F9DEA902E}.Release|Any CPU.Build.0 = Release|Any CPU
	EndGlobalSection
	GlobalSection(SolutionProperties) = preSolution
		HideSolutionNode = FALSE
	EndGlobalSection
	GlobalSection(ExtensibilityGlobals) = postSolution
		SolutionGuid = {E5707BE3-673E-48F4-B677-7CBC399D41AD}
	EndGlobalSection
EndGlobal
